// !$*UTF8*$!
{
	archiveVersion = 1;
	classes = {
	};
	objectVersion = 50;
	objects = {

/* Begin PBXBuildFile section */
		598661FE22729B8400D546F4 /* AppDelegate.m in Sources */ = {isa = PBXBuildFile; fileRef = 598661FD22729B8400D546F4 /* AppDelegate.m */; };
		5986620122729B8400D546F4 /* ViewController.m in Sources */ = {isa = PBXBuildFile; fileRef = 5986620022729B8400D546F4 /* ViewController.m */; };
		5986620422729B8400D546F4 /* Main.storyboard in Resources */ = {isa = PBXBuildFile; fileRef = 5986620222729B8400D546F4 /* Main.storyboard */; };
		5986620622729B8600D546F4 /* Assets.xcassets in Resources */ = {isa = PBXBuildFile; fileRef = 5986620522729B8600D546F4 /* Assets.xcassets */; };
		5986620922729B8600D546F4 /* LaunchScreen.storyboard in Resources */ = {isa = PBXBuildFile; fileRef = 5986620722729B8600D546F4 /* LaunchScreen.storyboard */; };
		5986620C22729B8600D546F4 /* main.m in Sources */ = {isa = PBXBuildFile; fileRef = 5986620B22729B8600D546F4 /* main.m */; };
		5986621622729B8600D546F4 /* ScriptCoreDemo01Tests.m in Sources */ = {isa = PBXBuildFile; fileRef = 5986621522729B8600D546F4 /* ScriptCoreDemo01Tests.m */; };
		5986622122729B8600D546F4 /* ScriptCoreDemo01UITests.m in Sources */ = {isa = PBXBuildFile; fileRef = 5986622022729B8600D546F4 /* ScriptCoreDemo01UITests.m */; };
		5986623122729DA000D546F4 /* index.html in Resources */ = {isa = PBXBuildFile; fileRef = 5986623022729DA000D546F4 /* index.html */; };
		598662342272ADCE00D546F4 /* SciptCoreController.m in Sources */ = {isa = PBXBuildFile; fileRef = 598662332272ADCE00D546F4 /* SciptCoreController.m */; };
		598662362272B13A00D546F4 /* index2.html in Resources */ = {isa = PBXBuildFile; fileRef = 598662352272B13A00D546F4 /* index2.html */; };
		598662392272DB2F00D546F4 /* MyObject.m in Sources */ = {isa = PBXBuildFile; fileRef = 598662382272DB2F00D546F4 /* MyObject.m */; };
/* End PBXBuildFile section */

/* Begin PBXContainerItemProxy section */
		5986621222729B8600D546F4 /* PBXContainerItemProxy */ = {
			isa = PBXContainerItemProxy;
			containerPortal = 598661F122729B8400D546F4 /* Project object */;
			proxyType = 1;
			remoteGlobalIDString = 598661F822729B8400D546F4;
			remoteInfo = ScriptCoreDemo01;
		};
		5986621D22729B8600D546F4 /* PBXContainerItemProxy */ = {
			isa = PBXContainerItemProxy;
			containerPortal = 598661F122729B8400D546F4 /* Project object */;
			proxyType = 1;
			remoteGlobalIDString = 598661F822729B8400D546F4;
			remoteInfo = ScriptCoreDemo01;
		};
/* End PBXContainerItemProxy section */

/* Begin PBXFileReference section */
		598661F922729B8400D546F4 /* ScriptCoreDemo01.app */ = {isa = PBXFileReference; explicitFileType = wrapper.application; includeInIndex = 0; path = ScriptCoreDemo01.app; sourceTree = BUILT_PRODUCTS_DIR; };
		598661FC22729B8400D546F4 /* AppDelegate.h */ = {isa = PBXFileReference; lastKnownFileType = sourcecode.c.h; path = AppDelegate.h; sourceTree = "<group>"; };
		598661FD22729B8400D546F4 /* AppDelegate.m */ = {isa = PBXFileReference; lastKnownFileType = sourcecode.c.objc; path = AppDelegate.m; sourceTree = "<group>"; };
		598661FF22729B8400D546F4 /* ViewController.h */ = {isa = PBXFileReference; lastKnownFileType = sourcecode.c.h; path = ViewController.h; sourceTree = "<group>"; };
		5986620022729B8400D546F4 /* ViewController.m */ = {isa = PBXFileReference; lastKnownFileType = sourcecode.c.objc; path = ViewController.m; sourceTree = "<group>"; };
		5986620322729B8400D546F4 /* Base */ = {isa = PBXFileReference; lastKnownFileType = file.storyboard; name = Base; path = Base.lproj/Main.storyboard; sourceTree = "<group>"; };
		5986620522729B8600D546F4 /* Assets.xcassets */ = {isa = PBXFileReference; lastKnownFileType = folder.assetcatalog; path = Assets.xcassets; sourceTree = "<group>"; };
		5986620822729B8600D546F4 /* Base */ = {isa = PBXFileReference; lastKnownFileType = file.storyboard; name = Base; path = Base.lproj/LaunchScreen.storyboard; sourceTree = "<group>"; };
		5986620A22729B8600D546F4 /* Info.plist */ = {isa = PBXFileReference; lastKnownFileType = text.plist.xml; path = Info.plist; sourceTree = "<group>"; };
		5986620B22729B8600D546F4 /* main.m */ = {isa = PBXFileReference; lastKnownFileType = sourcecode.c.objc; path = main.m; sourceTree = "<group>"; };
		5986621122729B8600D546F4 /* ScriptCoreDemo01Tests.xctest */ = {isa = PBXFileReference; explicitFileType = wrapper.cfbundle; includeInIndex = 0; path = ScriptCoreDemo01Tests.xctest; sourceTree = BUILT_PRODUCTS_DIR; };
		5986621522729B8600D546F4 /* ScriptCoreDemo01Tests.m */ = {isa = PBXFileReference; lastKnownFileType = sourcecode.c.objc; path = ScriptCoreDemo01Tests.m; sourceTree = "<group>"; };
		5986621722729B8600D546F4 /* Info.plist */ = {isa = PBXFileReference; lastKnownFileType = text.plist.xml; path = Info.plist; sourceTree = "<group>"; };
		5986621C22729B8600D546F4 /* ScriptCoreDemo01UITests.xctest */ = {isa = PBXFileReference; explicitFileType = wrapper.cfbundle; includeInIndex = 0; path = ScriptCoreDemo01UITests.xctest; sourceTree = BUILT_PRODUCTS_DIR; };
		5986622022729B8600D546F4 /* ScriptCoreDemo01UITests.m */ = {isa = PBXFileReference; lastKnownFileType = sourcecode.c.objc; path = ScriptCoreDemo01UITests.m; sourceTree = "<group>"; };
		5986622222729B8600D546F4 /* Info.plist */ = {isa = PBXFileReference; lastKnownFileType = text.plist.xml; path = Info.plist; sourceTree = "<group>"; };
		5986623022729DA000D546F4 /* index.html */ = {isa = PBXFileReference; fileEncoding = 4; lastKnownFileType = text.html; path = index.html; sourceTree = "<group>"; };
		598662322272ADCE00D546F4 /* SciptCoreController.h */ = {isa = PBXFileReference; lastKnownFileType = sourcecode.c.h; path = SciptCoreController.h; sourceTree = "<group>"; };
		598662332272ADCE00D546F4 /* SciptCoreController.m */ = {isa = PBXFileReference; lastKnownFileType = sourcecode.c.objc; path = SciptCoreController.m; sourceTree = "<group>"; };
		598662352272B13A00D546F4 /* index2.html */ = {isa = PBXFileReference; fileEncoding = 4; lastKnownFileType = text.html; path = index2.html; sourceTree = "<group>"; };
		598662372272DB2F00D546F4 /* MyObject.h */ = {isa = PBXFileReference; lastKnownFileType = sourcecode.c.h; path = MyObject.h; sourceTree = "<group>"; };
		598662382272DB2F00D546F4 /* MyObject.m */ = {isa = PBXFileReference; lastKnownFileType = sourcecode.c.objc; path = MyObject.m; sourceTree = "<group>"; };
/* End PBXFileReference section */

/* Begin PBXFrameworksBuildPhase section */
		598661F622729B8400D546F4 /* Frameworks */ = {
			isa = PBXFrameworksBuildPhase;
			buildActionMask = 2147483647;
			files = (
			);
			runOnlyForDeploymentPostprocessing = 0;
		};
		5986620E22729B8600D546F4 /* Frameworks */ = {
			isa = PBXFrameworksBuildPhase;
			buildActionMask = 2147483647;
			files = (
			);
			runOnlyForDeploymentPostprocessing = 0;
		};
		5986621922729B8600D546F4 /* Frameworks */ = {
			isa = PBXFrameworksBuildPhase;
			buildActionMask = 2147483647;
			files = (
			);
			runOnlyForDeploymentPostprocessing = 0;
		};
/* End PBXFrameworksBuildPhase section */

/* Begin PBXGroup section */
		598661F022729B8400D546F4 = {
			isa = PBXGroup;
			children = (
				598661FB22729B8400D546F4 /* ScriptCoreDemo01 */,
				5986621422729B8600D546F4 /* ScriptCoreDemo01Tests */,
				5986621F22729B8600D546F4 /* ScriptCoreDemo01UITests */,
				598661FA22729B8400D546F4 /* Products */,
			);
			sourceTree = "<group>";
		};
		598661FA22729B8400D546F4 /* Products */ = {
			isa = PBXGroup;
			children = (
				598661F922729B8400D546F4 /* ScriptCoreDemo01.app */,
				5986621122729B8600D546F4 /* ScriptCoreDemo01Tests.xctest */,
				5986621C22729B8600D546F4 /* ScriptCoreDemo01UITests.xctest */,
			);
			name = Products;
			sourceTree = "<group>";
		};
		598661FB22729B8400D546F4 /* ScriptCoreDemo01 */ = {
			isa = PBXGroup;
			children = (
				5986623022729DA000D546F4 /* index.html */,
				598662352272B13A00D546F4 /* index2.html */,
				598661FC22729B8400D546F4 /* AppDelegate.h */,
				598661FD22729B8400D546F4 /* AppDelegate.m */,
				598661FF22729B8400D546F4 /* ViewController.h */,
				5986620022729B8400D546F4 /* ViewController.m */,
				598662322272ADCE00D546F4 /* SciptCoreController.h */,
				598662332272ADCE00D546F4 /* SciptCoreController.m */,
				598662372272DB2F00D546F4 /* MyObject.h */,
				598662382272DB2F00D546F4 /* MyObject.m */,
				5986620222729B8400D546F4 /* Main.storyboard */,
				5986620522729B8600D546F4 /* Assets.xcassets */,
				5986620722729B8600D546F4 /* LaunchScreen.storyboard */,
				5986620A22729B8600D546F4 /* Info.plist */,
				5986620B22729B8600D546F4 /* main.m */,
			);
			path = ScriptCoreDemo01;
			sourceTree = "<group>";
		};
		5986621422729B8600D546F4 /* ScriptCoreDemo01Tests */ = {
			isa = PBXGroup;
			children = (
				5986621522729B8600D546F4 /* ScriptCoreDemo01Tests.m */,
				5986621722729B8600D546F4 /* Info.plist */,
			);
			path = ScriptCoreDemo01Tests;
			sourceTree = "<group>";
		};
		5986621F22729B8600D546F4 /* ScriptCoreDemo01UITests */ = {
			isa = PBXGroup;
			children = (
				5986622022729B8600D546F4 /* ScriptCoreDemo01UITests.m */,
				5986622222729B8600D546F4 /* Info.plist */,
			);
			path = ScriptCoreDemo01UITests;
			sourceTree = "<group>";
		};
/* End PBXGroup section */

/* Begin PBXNativeTarget section */
		598661F822729B8400D546F4 /* ScriptCoreDemo01 */ = {
			isa = PBXNativeTarget;
			buildConfigurationList = 5986622522729B8600D546F4 /* Build configuration list for PBXNativeTarget "ScriptCoreDemo01" */;
			buildPhases = (
				598661F522729B8400D546F4 /* Sources */,
				598661F622729B8400D546F4 /* Frameworks */,
				598661F722729B8400D546F4 /* Resources */,
			);
			buildRules = (
			);
			dependencies = (
			);
			name = ScriptCoreDemo01;
			productName = ScriptCoreDemo01;
			productReference = 598661F922729B8400D546F4 /* ScriptCoreDemo01.app */;
			productType = "com.apple.product-type.application";
		};
		5986621022729B8600D546F4 /* ScriptCoreDemo01Tests */ = {
			isa = PBXNativeTarget;
			buildConfigurationList = 5986622822729B8600D546F4 /* Build configuration list for PBXNativeTarget "ScriptCoreDemo01Tests" */;
			buildPhases = (
				5986620D22729B8600D546F4 /* Sources */,
				5986620E22729B8600D546F4 /* Frameworks */,
				5986620F22729B8600D546F4 /* Resources */,
			);
			buildRules = (
			);
			dependencies = (
				5986621322729B8600D546F4 /* PBXTargetDependency */,
			);
			name = ScriptCoreDemo01Tests;
			productName = ScriptCoreDemo01Tests;
			productReference = 5986621122729B8600D546F4 /* ScriptCoreDemo01Tests.xctest */;
			productType = "com.apple.product-type.bundle.unit-test";
		};
		5986621B22729B8600D546F4 /* ScriptCoreDemo01UITests */ = {
			isa = PBXNativeTarget;
			buildConfigurationList = 5986622B22729B8600D546F4 /* Build configuration list for PBXNativeTarget "ScriptCoreDemo01UITests" */;
			buildPhases = (
				5986621822729B8600D546F4 /* Sources */,
				5986621922729B8600D546F4 /* Frameworks */,
				5986621A22729B8600D546F4 /* Resources */,
			);
			buildRules = (
			);
			dependencies = (
				5986621E22729B8600D546F4 /* PBXTargetDependency */,
			);
			name = ScriptCoreDemo01UITests;
			productName = ScriptCoreDemo01UITests;
			productReference = 5986621C22729B8600D546F4 /* ScriptCoreDemo01UITests.xctest */;
			productType = "com.apple.product-type.bundle.ui-testing";
		};
/* End PBXNativeTarget section */

/* Begin PBXProject section */
		598661F122729B8400D546F4 /* Project object */ = {
			isa = PBXProject;
			attributes = {
				LastUpgradeCheck = 1010;
				ORGANIZATIONNAME = chenxl;
				TargetAttributes = {
					598661F822729B8400D546F4 = {
						CreatedOnToolsVersion = 10.1;
					};
					5986621022729B8600D546F4 = {
						CreatedOnToolsVersion = 10.1;
						TestTargetID = 598661F822729B8400D546F4;
					};
					5986621B22729B8600D546F4 = {
						CreatedOnToolsVersion = 10.1;
						TestTargetID = 598661F822729B8400D546F4;
					};
				};
			};
			buildConfigurationList = 598661F422729B8400D546F4 /* Build configuration list for PBXProject "ScriptCoreDemo01" */;
			compatibilityVersion = "Xcode 9.3";
			developmentRegion = en;
			hasScannedForEncodings = 0;
			knownRegions = (
				en,
				Base,
			);
			mainGroup = 598661F022729B8400D546F4;
			productRefGroup = 598661FA22729B8400D546F4 /* Products */;
			projectDirPath = "";
			projectRoot = "";
			targets = (
				598661F822729B8400D546F4 /* ScriptCoreDemo01 */,
				5986621022729B8600D546F4 /* ScriptCoreDemo01Tests */,
				5986621B22729B8600D546F4 /* ScriptCoreDemo01UITests */,
			);
		};
/* End PBXProject section */

/* Begin PBXResourcesBuildPhase section */
		598661F722729B8400D546F4 /* Resources */ = {
			isa = PBXResourcesBuildPhase;
			buildActionMask = 2147483647;
			files = (
				5986620922729B8600D546F4 /* LaunchScreen.storyboard in Resources */,
				5986623122729DA000D546F4 /* index.html in Resources */,
				5986620622729B8600D546F4 /* Assets.xcassets in Resources */,
				5986620422729B8400D546F4 /* Main.storyboard in Resources */,
				598662362272B13A00D546F4 /* index2.html in Resources */,
			);
			runOnlyForDeploymentPostprocessing = 0;
		};
		5986620F22729B8600D546F4 /* Resources */ = {
			isa = PBXResourcesBuildPhase;
			buildActionMask = 2147483647;
			files = (
			);
			runOnlyForDeploymentPostprocessing = 0;
		};
		5986621A22729B8600D546F4 /* Resources */ = {
			isa = PBXResourcesBuildPhase;
			buildActionMask = 2147483647;
			files = (
			);
			runOnlyForDeploymentPostprocessing = 0;
		};
/* End PBXResourcesBuildPhase section */

/* Begin PBXSourcesBuildPhase section */
		598661F522729B8400D546F4 /* Sources */ = {
			isa = PBXSourcesBuildPhase;
			buildActionMask = 2147483647;
			files = (
				598662342272ADCE00D546F4 /* SciptCoreController.m in Sources */,
				5986620122729B8400D546F4 /* ViewController.m in Sources */,
				5986620C22729B8600D546F4 /* main.m in Sources */,
				598661FE22729B8400D546F4 /* AppDelegate.m in Sources */,
				598662392272DB2F00D546F4 /* MyObject.m in Sources */,
			);
			runOnlyForDeploymentPostprocessing = 0;
		};
		5986620D22729B8600D546F4 /* Sources */ = {
			isa = PBXSourcesBuildPhase;
			buildActionMask = 2147483647;
			files = (
				5986621622729B8600D546F4 /* ScriptCoreDemo01Tests.m in Sources */,
			);
			runOnlyForDeploymentPostprocessing = 0;
		};
		5986621822729B8600D546F4 /* Sources */ = {
			isa = PBXSourcesBuildPhase;
			buildActionMask = 2147483647;
			files = (
				5986622122729B8600D546F4 /* ScriptCoreDemo01UITests.m in Sources */,
			);
			runOnlyForDeploymentPostprocessing = 0;
		};
/* End PBXSourcesBuildPhase section */

/* Begin PBXTargetDependency section */
		5986621322729B8600D546F4 /* PBXTargetDependency */ = {
			isa = PBXTargetDependency;
			target = 598661F822729B8400D546F4 /* ScriptCoreDemo01 */;
			targetProxy = 5986621222729B8600D546F4 /* PBXContainerItemProxy */;
		};
		5986621E22729B8600D546F4 /* PBXTargetDependency */ = {
			isa = PBXTargetDependency;
			target = 598661F822729B8400D546F4 /* ScriptCoreDemo01 */;
			targetProxy = 5986621D22729B8600D546F4 /* PBXContainerItemProxy */;
		};
/* End PBXTargetDependency section */

/* Begin PBXVariantGroup section */
		5986620222729B8400D546F4 /* Main.storyboard */ = {
			isa = PBXVariantGroup;
			children = (
				5986620322729B8400D546F4 /* Base */,
			);
			name = Main.storyboard;
			sourceTree = "<group>";
		};
		5986620722729B8600D546F4 /* LaunchScreen.storyboard */ = {
			isa = PBXVariantGroup;
			children = (
				5986620822729B8600D546F4 /* Base */,
			);
			name = LaunchScreen.storyboard;
			sourceTree = "<group>";
		};
/* End PBXVariantGroup section */

/* Begin XCBuildConfiguration section */
		5986622322729B8600D546F4 /* Debug */ = {
			isa = XCBuildConfiguration;
			buildSettings = {
				ALWAYS_SEARCH_USER_PATHS = NO;
				CLANG_ANALYZER_NONNULL = YES;
				CLANG_ANALYZER_NUMBER_OBJECT_CONVERSION = YES_AGGRESSIVE;
				CLANG_CXX_LANGUAGE_STANDARD = "gnu++14";
				CLANG_CXX_LIBRARY = "libc++";
				CLANG_ENABLE_MODULES = YES;
				CLANG_ENABLE_OBJC_ARC = YES;
				CLANG_ENABLE_OBJC_WEAK = YES;
				CLANG_WARN_BLOCK_CAPTURE_AUTORELEASING = YES;
				CLANG_WARN_BOOL_CONVERSION = YES;
				CLANG_WARN_COMMA = YES;
				CLANG_WARN_CONSTANT_CONVERSION = YES;
				CLANG_WARN_DEPRECATED_OBJC_IMPLEMENTATIONS = YES;
				CLANG_WARN_DIRECT_OBJC_ISA_USAGE = YES_ERROR;
				CLANG_WARN_DOCUMENTATION_COMMENTS = YES;
				CLANG_WARN_EMPTY_BODY = YES;
				CLANG_WARN_ENUM_CONVERSION = YES;
				CLANG_WARN_INFINITE_RECURSION = YES;
				CLANG_WARN_INT_CONVERSION = YES;
				CLANG_WARN_NON_LITERAL_NULL_CONVERSION = YES;
				CLANG_WARN_OBJC_IMPLICIT_RETAIN_SELF = YES;
				CLANG_WARN_OBJC_LITERAL_CONVERSION = YES;
				CLANG_WARN_OBJC_ROOT_CLASS = YES_ERROR;
				CLANG_WARN_RANGE_LOOP_ANALYSIS = YES;
				CLANG_WARN_STRICT_PROTOTYPES = YES;
				CLANG_WARN_SUSPICIOUS_MOVE = YES;
				CLANG_WARN_UNGUARDED_AVAILABILITY = YES_AGGRESSIVE;
				CLANG_WARN_UNREACHABLE_CODE = YES;
				CLANG_WARN__DUPLICATE_METHOD_MATCH = YES;
				CODE_SIGN_IDENTITY = "iPhone Developer";
				COPY_PHASE_STRIP = NO;
				DEBUG_INFORMATION_FORMAT = dwarf;
				ENABLE_STRICT_OBJC_MSGSEND = YES;
				ENABLE_TESTABILITY = YES;
				GCC_C_LANGUAGE_STANDARD = gnu11;
				GCC_DYNAMIC_NO_PIC = NO;
				GCC_NO_COMMON_BLOCKS = YES;
				GCC_OPTIMIZATION_LEVEL = 0;
				GCC_PREPROCESSOR_DEFINITIONS = (
					"DEBUG=1",
					"$(inherited)",
				);
				GCC_WARN_64_TO_32_BIT_CONVERSION = YES;
				GCC_WARN_ABOUT_RETURN_TYPE = YES_ERROR;
				GCC_WARN_UNDECLARED_SELECTOR = YES;
				GCC_WARN_UNINITIALIZED_AUTOS = YES_AGGRESSIVE;
				GCC_WARN_UNUSED_FUNCTION = YES;
				GCC_WARN_UNUSED_VARIABLE = YES;
				IPHONEOS_DEPLOYMENT_TARGET = 12.1;
				MTL_ENABLE_DEBUG_INFO = INCLUDE_SOURCE;
				MTL_FAST_MATH = YES;
				ONLY_ACTIVE_ARCH = YES;
				SDKROOT = iphoneos;
			};
			name = Debug;
		};
		5986622422729B8600D546F4 /* Release */ = {
			isa = XCBuildConfiguration;
			buildSettings = {
				ALWAYS_SEARCH_USER_PATHS = NO;
				CLANG_ANALYZER_NONNULL = YES;
				CLANG_ANALYZER_NUMBER_OBJECT_CONVERSION = YES_AGGRESSIVE;
				CLANG_CXX_LANGUAGE_STANDARD = "gnu++14";
				CLANG_CXX_LIBRARY = "libc++";
				CLANG_ENABLE_MODULES = YES;
				CLANG_ENABLE_OBJC_ARC = YES;
				CLANG_ENABLE_OBJC_WEAK = YES;
				CLANG_WARN_BLOCK_CAPTURE_AUTORELEASING = YES;
				CLANG_WARN_BOOL_CONVERSION = YES;
				CLANG_WARN_COMMA = YES;
				CLANG_WARN_CONSTANT_CONVERSION = YES;
				CLANG_WARN_DEPRECATED_OBJC_IMPLEMENTATIONS = YES;
				CLANG_WARN_DIRECT_OBJC_ISA_USAGE = YES_ERROR;
				CLANG_WARN_DOCUMENTATION_COMMENTS = YES;
				CLANG_WARN_EMPTY_BODY = YES;
				CLANG_WARN_ENUM_CONVERSION = YES;
				CLANG_WARN_INFINITE_RECURSION = YES;
				CLANG_WARN_INT_CONVERSION = YES;
				CLANG_WARN_NON_LITERAL_NULL_CONVERSION = YES;
				CLANG_WARN_OBJC_IMPLICIT_RETAIN_SELF = YES;
				CLANG_WARN_OBJC_LITERAL_CONVERSION = YES;
				CLANG_WARN_OBJC_ROOT_CLASS = YES_ERROR;
				CLANG_WARN_RANGE_LOOP_ANALYSIS = YES;
				CLANG_WARN_STRICT_PROTOTYPES = YES;
				CLANG_WARN_SUSPICIOUS_MOVE = YES;
				CLANG_WARN_UNGUARDED_AVAILABILITY = YES_AGGRESSIVE;
				CLANG_WARN_UNREACHABLE_CODE = YES;
				CLANG_WARN__DUPLICATE_METHOD_MATCH = YES;
				CODE_SIGN_IDENTITY = "iPhone Developer";
				COPY_PHASE_STRIP = NO;
				DEBUG_INFORMATION_FORMAT = "dwarf-with-dsym";
				ENABLE_NS_ASSERTIONS = NO;
				ENABLE_STRICT_OBJC_MSGSEND = YES;
				GCC_C_LANGUAGE_STANDARD = gnu11;
				GCC_NO_COMMON_BLOCKS = YES;
				GCC_WARN_64_TO_32_BIT_CONVERSION = YES;
				GCC_WARN_ABOUT_RETURN_TYPE = YES_ERROR;
				GCC_WARN_UNDECLARED_SELECTOR = YES;
				GCC_WARN_UNINITIALIZED_AUTOS = YES_AGGRESSIVE;
				GCC_WARN_UNUSED_FUNCTION = YES;
				GCC_WARN_UNUSED_VARIABLE = YES;
				IPHONEOS_DEPLOYMENT_TARGET = 12.1;
				MTL_ENABLE_DEBUG_INFO = NO;
				MTL_FAST_MATH = YES;
				SDKROOT = iphoneos;
				VALIDATE_PRODUCT = YES;
			};
			name = Release;
		};
		5986622622729B8600D546F4 /* Debug */ = {
			isa = XCBuildConfiguration;
			buildSettings = {
				ASSETCATALOG_COMPILER_APPICON_NAME = AppIcon;
				CODE_SIGN_STYLE = Automatic;
				DEVELOPMENT_TEAM = MFV2AUFUFC;
				INFOPLIST_FILE = ScriptCoreDemo01/Info.plist;
				IPHONEOS_DEPLOYMENT_TARGET = 9.0;
				LD_RUNPATH_SEARCH_PATHS = (
					"$(inherited)",
					"@executable_path/Frameworks",
				);
				PRODUCT_BUNDLE_IDENTIFIER = com.canyanwang.ScriptCoreDemo01;
				PRODUCT_NAME = "$(TARGET_NAME)";
				TARGETED_DEVICE_FAMILY = "1,2";
			};
			name = Debug;
		};
		5986622722729B8600D546F4 /* Release */ = {
			isa = XCBuildConfiguration;
			buildSettings = {
				ASSETCATALOG_COMPILER_APPICON_NAME = AppIcon;
				CODE_SIGN_STYLE = Automatic;
				DEVELOPMENT_TEAM = MFV2AUFUFC;
				INFOPLIST_FILE = ScriptCoreDemo01/Info.plist;
				IPHONEOS_DEPLOYMENT_TARGET = 9.0;
				LD_RUNPATH_SEARCH_PATHS = (
					"$(inherited)",
					"@executable_path/Frameworks",
				);
				PRODUCT_BUNDLE_IDENTIFIER = com.canyanwang.ScriptCoreDemo01;
				PRODUCT_NAME = "$(TARGET_NAME)";
				TARGETED_DEVICE_FAMILY = "1,2";
			};
			name = Release;
		};
		5986622922729B8600D546F4 /* Debug */ = {
			isa = XCBuildConfiguration;
			buildSettings = {
				BUNDLE_LOADER = "$(TEST_HOST)";
				CODE_SIGN_STYLE = Automatic;
				DEVELOPMENT_TEAM = MFV2AUFUFC;
				INFOPLIST_FILE = ScriptCoreDemo01Tests/Info.plist;
				LD_RUNPATH_SEARCH_PATHS = (
					"$(inherited)",
					"@executable_path/Frameworks",
					"@loader_path/Frameworks",
				);
				PRODUCT_BUNDLE_IDENTIFIER = com.canyanwang.ScriptCoreDemo01Tests;
				PRODUCT_NAME = "$(TARGET_NAME)";
				TARGETED_DEVICE_FAMILY = "1,2";
				TEST_HOST = "$(BUILT_PRODUCTS_DIR)/ScriptCoreDemo01.app/ScriptCoreDemo01";
			};
			name = Debug;
		};
		5986622A22729B8600D546F4 /* Release */ = {
			isa = XCBuildConfiguration;
			buildSettings = {
				BUNDLE_LOADER = "$(TEST_HOST)";
				CODE_SIGN_STYLE = Automatic;
				DEVELOPMENT_TEAM = MFV2AUFUFC;
				INFOPLIST_FILE = ScriptCoreDemo01Tests/Info.plist;
				LD_RUNPATH_SEARCH_PATHS = (
					"$(inherited)",
					"@executable_path/Frameworks",
					"@loader_path/Frameworks",
				);
				PRODUCT_BUNDLE_IDENTIFIER = com.canyanwang.ScriptCoreDemo01Tests;
				PRODUCT_NAME = "$(TARGET_NAME)";
				TARGETED_DEVICE_FAMILY = "1,2";
				TEST_HOST = "$(BUILT_PRODUCTS_DIR)/ScriptCoreDemo01.app/ScriptCoreDemo01";
			};
			name = Release;
		};
		5986622C22729B8600D546F4 /* Debug */ = {
			isa = XCBuildConfiguration;
			buildSettings = {
				CODE_SIGN_STYLE = Automatic;
				DEVELOPMENT_TEAM = MFV2AUFUFC;
				INFOPLIST_FILE = ScriptCoreDemo01UITests/Info.plist;
				LD_RUNPATH_SEARCH_PATHS = (
					"$(inherited)",
					"@executable_path/Frameworks",
					"@loader_path/Frameworks",
				);
				PRODUCT_BUNDLE_IDENTIFIER = com.canyanwang.ScriptCoreDemo01UITests;
				PRODUCT_NAME = "$(TARGET_NAME)";
				TARGETED_DEVICE_FAMILY = "1,2";
				TEST_TARGET_NAME = ScriptCoreDemo01;
			};
			name = Debug;
		};
		5986622D22729B8600D546F4 /* Release */ = {
			isa = XCBuildConfiguration;
			buildSettings = {
				CODE_SIGN_STYLE = Automatic;
				DEVELOPMENT_TEAM = MFV2AUFUFC;
				INFOPLIST_FILE = ScriptCoreDemo01UITests/Info.plist;
				LD_RUNPATH_SEARCH_PATHS = (
					"$(inherited)",
					"@executable_path/Frameworks",
					"@loader_path/Frameworks",
				);
				PRODUCT_BUNDLE_IDENTIFIER = com.canyanwang.ScriptCoreDemo01UITests;
				PRODUCT_NAME = "$(TARGET_NAME)";
				TARGETED_DEVICE_FAMILY = "1,2";
				TEST_TARGET_NAME = ScriptCoreDemo01;
			};
			name = Release;
		};
/* End XCBuildConfiguration section */

/* Begin XCConfigurationList section */
		598661F422729B8400D546F4 /* Build configuration list for PBXProject "ScriptCoreDemo01" */ = {
			isa = XCConfigurationList;
			buildConfigurations = (
				5986622322729B8600D546F4 /* Debug */,
				5986622422729B8600D546F4 /* Release */,
			);
			defaultConfigurationIsVisible = 0;
			defaultConfigurationName = Release;
		};
		5986622522729B8600D546F4 /* Build configuration list for PBXNativeTarget "ScriptCoreDemo01" */ = {
			isa = XCConfigurationList;
			buildConfigurations = (
				5986622622729B8600D546F4 /* Debug */,
				5986622722729B8600D546F4 /* Release */,
			);
			defaultConfigurationIsVisible = 0;
			defaultConfigurationName = Release;
		};
		5986622822729B8600D546F4 /* Build configuration list for PBXNativeTarget "ScriptCoreDemo01Tests" */ = {
			isa = XCConfigurationList;
			buildConfigurations = (
				5986622922729B8600D546F4 /* Debug */,
				5986622A22729B8600D546F4 /* Release */,
			);
			defaultConfigurationIsVisible = 0;
			defaultConfigurationName = Release;
		};
		5986622B22729B8600D546F4 /* Build configuration list for PBXNativeTarget "ScriptCoreDemo01UITests" */ = {
			isa = XCConfigurationList;
			buildConfigurations = (
				5986622C22729B8600D546F4 /* Debug */,
				5986622D22729B8600D546F4 /* Release */,
			);
			defaultConfigurationIsVisible = 0;
			defaultConfigurationName = Release;
		};
/* End XCConfigurationList section */
	};
	rootObject = 598661F122729B8400D546F4 /* Project object */;
}
